
Microsoft Visual Studio Solution File, Format Version 12.00
# Visual Studio Version 16
VisualStudioVersion = 16.0.31229.75
MinimumVisualStudioVersion = 10.0.40219.1
Project("{FAE04EC0-301F-11D3-BF4B-00C04F79EFBC}") = "WcfChatAppc", "WcfChatAppc\WcfChatAppc.csproj", "{7C1A2589-AC93-4035-8965-849BC94DF6CC}"
EndProject
Project("{FAE04EC0-301F-11D3-BF4B-00C04F79EFBC}") = "ChatServer", "ChatServer\ChatServer.csproj", "{BE79D266-864A-4914-A764-8C6DF825BA9B}"
EndProject
Project("{FAE04EC0-301F-11D3-BF4B-00C04F79EFBC}") = "ChatClient", "ChatClient\ChatClient.csproj", "{3FE5DDD7-AA0A-4EB6-A67F-E19D7CA77288}"
	ProjectSection(ProjectDependencies) = postProject
		{7C1A2589-AC93-4035-8965-849BC94DF6CC} = {7C1A2589-AC93-4035-8965-849BC94DF6CC}
	EndProjectSection
EndProject
Global
	GlobalSection(SolutionConfigurationPlatforms) = preSolution
		Debug|Any CPU = Debug|Any CPU
		Release|Any CPU = Release|Any CPU
	EndGlobalSection
	GlobalSection(ProjectConfigurationPlatforms) = postSolution
		{7C1A2589-AC93-4035-8965-849BC94DF6CC}.Debug|Any CPU.ActiveCfg = Debug|Any CPU
		{7C1A2589-AC93-4035-8965-849BC94DF6CC}.Debug|Any CPU.Build.0 = Debug|Any CPU
		{7C1A2589-AC93-4035-8965-849BC94DF6CC}.Release|Any CPU.ActiveCfg = Release|Any CPU
		{7C1A2589-AC93-4035-8965-849BC94DF6CC}.Release|Any CPU.Build.0 = Release|Any CPU
		{BE79D266-864A-4914-A764-8C6DF825BA9B}.Debug|Any CPU.ActiveCfg = Debug|Any CPU
		{BE79D266-864A-4914-A764-8C6DF825BA9B}.Debug|Any CPU.Build.0 = Debug|Any CPU
		{BE79D266-864A-4914-A764-8C6DF825BA9B}.Release|Any CPU.ActiveCfg = Release|Any CPU
		{BE79D266-864A-4914-A764-8C6DF825BA9B}.Release|Any CPU.Build.0 = Release|Any CPU
		{3FE5DDD7-AA0A-4EB6-A67F-E19D7CA77288}.Debug|Any CPU.ActiveCfg = Debug|Any CPU
		{3FE5DDD7-AA0A-4EB6-A67F-E19D7CA77288}.Debug|Any CPU.Build.0 = Debug|Any CPU
		{3FE5DDD7-AA0A-4EB6-A67F-E19D7CA77288}.Release|Any CPU.ActiveCfg = Release|Any CPU
		{3FE5DDD7-AA0A-4EB6-A67F-E19D7CA77288}.Release|Any CPU.Build.0 = Release|Any CPU
	EndGlobalSection
	GlobalSection(SolutionProperties) = preSolution
		HideSolutionNode = FALSE
	EndGlobalSection
	GlobalSection(ExtensibilityGlobals) = postSolution
		SolutionGuid = {866A3AE8-ACAE-4851-BDBD-139F1798CD7B}
	EndGlobalSection
EndGlobal
